<?xml version="1.0" encoding="utf-8"?>
<Project ToolsVersion="4.0" xmlns="http://schemas.microsoft.com/developer/msbuild/2003">
  <ItemGroup>
    <Filter Include="Source Files">
      <UniqueIdentifier>{4FC737F1-C7A5-4376-A066-2A32D752A2FF}</UniqueIdentifier>
      <Extensions>cpp;c;cc;cxx;c++;cppm;ixx;def;odl;idl;hpj;bat;asm;asmx</Extensions>
    </Filter>
    <Filter Include="Header Files">
      <UniqueIdentifier>{93995380-89BD-4b04-88EB-625FBE52EBFB}</UniqueIdentifier>
      <Extensions>h;hh;hpp;hxx;h++;hm;inl;inc;ipp;xsd</Extensions>
    </Filter>
    <Filter Include="Resource Files">
      <UniqueIdentifier>{67DA6AB6-F800-4c08-8B7A-83BB121AAD01}</UniqueIdentifier>
      <Extensions>rc;ico;cur;bmp;dlg;rc2;rct;bin;rgs;gif;jpg;jpeg;jpe;resx;tiff;tif;png;wav;mfcribbon-ms</Extensions>
    </Filter>
  </ItemGroup>
  <ItemGroup>
    <ClCompile Include="source\oldmain.cpp">
      <Filter>Source Files</Filter>
    </ClCompile>
    <ClCompile Include="source\glad.c">
      <Filter>Source Files</Filter>
    </ClCompile>
    <ClCompile Include="source\mesh.cpp">
      <Filter>Source Files</Filter>
    </ClCompile>
    <ClCompile Include="source\model.cpp">
      <Filter>Source Files</Filter>
    </ClCompile>
    <ClCompile Include="source\main.cpp">
      <Filter>Source Files</Filter>
    </ClCompile>
    <ClCompile Include="source\imagecache.cpp">
      <Filter>Source Files</Filter>
    </ClCompile>
    <ClCompile Include="source\object3d.cpp">
      <Filter>Source Files</Filter>
    </ClCompile>
    <ClCompile Include="source\scene.cpp">
      <Filter>Source Files</Filter>
    </ClCompile>
    <ClCompile Include="source\primitive3d.cpp">
      <Filter>Source Files</Filter>
    </ClCompile>
  </ItemGroup>
  <ItemGroup>
    <None Include="shaders\lightsource.fs" />
    <None Include="shaders\lightsource.vs" />
    <None Include="shaders\object.fs" />
    <None Include="shaders\object.vs" />
  </ItemGroup>
  <ItemGroup>
    <Image Include="images\Wood066_1K_Color.jpg">
      <Filter>Resource Files</Filter>
    </Image>
    <Image Include="images\black.png">
      <Filter>Resource Files</Filter>
    </Image>
    <Image Include="images\Bricks054_1K_Color.jpg">
      <Filter>Resource Files</Filter>
    </Image>
    <Image Include="images\Bricks054_1K_Roughness.jpg">
      <Filter>Resource Files</Filter>
    </Image>
    <Image Include="images\checkerboard8bit.png">
      <Filter>Resource Files</Filter>
    </Image>
    <Image Include="images\Fingerprints009_1K_Color.jpg">
      <Filter>Resource Files</Filter>
    </Image>
    <Image Include="images\Fingerprints009_1K_Roughness.jpg">
      <Filter>Resource Files</Filter>
    </Image>
    <Image Include="images\jellyfish.png">
      <Filter>Resource Files</Filter>
    </Image>
  </ItemGroup>
  <ItemGroup>
    <ClInclude Include="source\shader_s.h">
      <Filter>Header Files</Filter>
    </ClInclude>
    <ClInclude Include="source\stb\stb_image.h">
      <Filter>Header Files</Filter>
    </ClInclude>
    <ClInclude Include="source\mesh.h">
      <Filter>Header Files</Filter>
    </ClInclude>
    <ClInclude Include="source\model.h">
      <Filter>Header Files</Filter>
    </ClInclude>
    <ClInclude Include="source\imagecache.h">
      <Filter>Header Files</Filter>
    </ClInclude>
    <ClInclude Include="source\object3d.h">
      <Filter>Header Files</Filter>
    </ClInclude>
    <ClInclude Include="source\scene.h">
      <Filter>Header Files</Filter>
    </ClInclude>
    <ClInclude Include="source\lightsource.h">
      <Filter>Header Files</Filter>
    </ClInclude>
    <ClInclude Include="source\primitive3d.h">
      <Filter>Header Files</Filter>
    </ClInclude>
  </ItemGroup>
</Project>