<?xml version="1.0" encoding="utf-8"?>
<Project ToolsVersion="4.0" xmlns="http://schemas.microsoft.com/developer/msbuild/2003">
  <ItemGroup>
    <Filter Include="Source Files">
      <UniqueIdentifier>{4FC737F1-C7A5-4376-A066-2A32D752A2FF}</UniqueIdentifier>
      <Extensions>cpp;c;cc;cxx;c++;cppm;ixx;def;odl;idl;hpj;bat;asm;asmx</Extensions>
    </Filter>
    <Filter Include="Header Files">
      <UniqueIdentifier>{93995380-89BD-4b04-88EB-625FBE52EBFB}</UniqueIdentifier>
      <Extensions>h;hh;hpp;hxx;h++;hm;inl;inc;ipp;xsd</Extensions>
    </Filter>
    <Filter Include="Resource Files">
      <UniqueIdentifier>{67DA6AB6-F800-4c08-8B7A-83BB121AAD01}</UniqueIdentifier>
      <Extensions>rc;ico;cur;bmp;dlg;rc2;rct;bin;rgs;gif;jpg;jpeg;jpe;resx;tiff;tif;png;wav;mfcribbon-ms</Extensions>
    </Filter>
  </ItemGroup>
  <ItemGroup>
    <ClCompile Include="source\utils\primitivecreation.cpp">
      <Filter>Source Files</Filter>
    </ClCompile>
    <ClCompile Include="source\ecs\systems\camerasystem\editorcamera.cpp">
      <Filter>Source Files</Filter>
    </ClCompile>
    <ClCompile Include="source\resource_management\modelimporting.cpp">
      <Filter>Source Files</Filter>
    </ClCompile>
    <ClCompile Include="source\application.cpp">
      <Filter>Source Files</Filter>
    </ClCompile>
    <ClCompile Include="source\main.cpp">
      <Filter>Source Files</Filter>
    </ClCompile>
    <ClCompile Include="source\windowmanager.cpp">
      <Filter>Source Files</Filter>
    </ClCompile>
    <ClCompile Include="source\shader\shadermanager.cpp">
      <Filter>Source Files</Filter>
    </ClCompile>
    <ClCompile Include="source\renderer\renderer.cpp">
      <Filter>Source Files</Filter>
    </ClCompile>
    <ClCompile Include="source\renderer\openglrenderer.cpp">
      <Filter>Source Files</Filter>
    </ClCompile>
    <ClCompile Include="source\service_locator\rendererlocator.cpp">
      <Filter>Source Files</Filter>
    </ClCompile>
    <ClCompile Include="source\shader\shader.cpp">
      <Filter>Source Files</Filter>
    </ClCompile>
    <ClCompile Include="source\resource_management\resourcemanager.cpp">
      <Filter>Source Files</Filter>
    </ClCompile>
    <ClCompile Include="source\assets\texture.cpp">
      <Filter>Source Files</Filter>
    </ClCompile>
    <ClCompile Include="source\resource_management\imageloader.cpp">
      <Filter>Source Files</Filter>
    </ClCompile>
    <ClCompile Include="source\logger.cpp">
      <Filter>Source Files</Filter>
    </ClCompile>
    <ClCompile Include="source\assets\asset.cpp">
      <Filter>Source Files</Filter>
    </ClCompile>
    <ClCompile Include="source\input\inputmap.cpp">
      <Filter>Source Files</Filter>
    </ClCompile>
    <ClCompile Include="source\input\inputgather.cpp">
      <Filter>Source Files</Filter>
    </ClCompile>
    <ClCompile Include="source\ui\ui.cpp">
      <Filter>Source Files</Filter>
    </ClCompile>
    <ClCompile Include="source\ui\imgui_impl_opengl3.cpp">
      <Filter>Source Files</Filter>
    </ClCompile>
    <ClCompile Include="source\ui\imgui.cpp">
      <Filter>Source Files</Filter>
    </ClCompile>
    <ClCompile Include="source\ui\imgui_impl_glfw.cpp">
      <Filter>Source Files</Filter>
    </ClCompile>
    <ClCompile Include="source\ui\imgui_widgets.cpp">
      <Filter>Source Files</Filter>
    </ClCompile>
    <ClCompile Include="source\ui\imgui_tables.cpp">
      <Filter>Source Files</Filter>
    </ClCompile>
    <ClCompile Include="source\ui\imgui_draw.cpp">
      <Filter>Source Files</Filter>
    </ClCompile>
    <ClCompile Include="source\ui\imgui_demo.cpp">
      <Filter>Source Files</Filter>
    </ClCompile>
    <ClCompile Include="source\ui\uidatascraper.cpp">
      <Filter>Source Files</Filter>
    </ClCompile>
    <ClCompile Include="source\scene\lightsource.cpp">
      <Filter>Source Files</Filter>
    </ClCompile>
    <ClCompile Include="source\scene\directionallight.cpp">
      <Filter>Source Files</Filter>
    </ClCompile>
    <ClCompile Include="source\scene\pointlight.cpp">
      <Filter>Source Files</Filter>
    </ClCompile>
    <ClCompile Include="source\assets\submesh.cpp">
      <Filter>Source Files</Filter>
    </ClCompile>
    <ClCompile Include="source\assets\mesh.cpp">
      <Filter>Source Files</Filter>
    </ClCompile>
    <ClCompile Include="source\resource_management\importutility.cpp">
      <Filter>Source Files</Filter>
    </ClCompile>
    <ClCompile Include="source\assets\mesh2d.cpp">
      <Filter>Source Files</Filter>
    </ClCompile>
    <ClCompile Include="source\postprocessing\postprocessing.cpp">
      <Filter>Source Files</Filter>
    </ClCompile>
    <ClCompile Include="source\assets\cubemap.cpp">
      <Filter>Source Files</Filter>
    </ClCompile>
    <ClCompile Include="source\ui\uiflags.cpp">
      <Filter>Source Files</Filter>
    </ClCompile>
    <ClCompile Include="source\renderer\renderingutils.cpp">
      <Filter>Source Files</Filter>
    </ClCompile>
    <ClCompile Include="source\service_locator\loggerlocator.cpp">
      <Filter>Source Files</Filter>
    </ClCompile>
    <ClCompile Include="source\resource_management\importer.cpp">
      <Filter>Source Files</Filter>
    </ClCompile>
    <ClCompile Include="source\assets\materials\PBRMaterial.cpp">
      <Filter>Source Files</Filter>
    </ClCompile>
    <ClCompile Include="source\assets\materials\material.cpp">
      <Filter>Source Files</Filter>
    </ClCompile>
    <ClCompile Include="source\shader\shaderuniformnamemap.cpp">
      <Filter>Source Files</Filter>
    </ClCompile>
    <ClCompile Include="source\assets\materials\colormaterial.cpp">
      <Filter>Source Files</Filter>
    </ClCompile>
    <ClCompile Include="source\ecs\systems\scenegraphsystem\scenegraph.cpp">
      <Filter>Source Files</Filter>
    </ClCompile>
    <ClCompile Include="source\ecs\core\componentmanager.cpp">
      <Filter>Source Files</Filter>
    </ClCompile>
    <ClCompile Include="source\ecs\systems\rendersystem.cpp">
      <Filter>Source Files</Filter>
    </ClCompile>
    <ClCompile Include="source\ecs\systems\physicssystem.cpp">
      <Filter>Source Files</Filter>
    </ClCompile>
    <ClCompile Include="source\ecs\systems\controlsystem.cpp">
      <Filter>Source Files</Filter>
    </ClCompile>
    <ClCompile Include="source\ecs\systems\lightsystem.cpp">
      <Filter>Source Files</Filter>
    </ClCompile>
    <ClCompile Include="source\ecs\core\ecscoordinator.cpp">
      <Filter>Source Files</Filter>
    </ClCompile>
    <ClCompile Include="source\ecs\core\systemmanager.cpp">
      <Filter>Source Files</Filter>
    </ClCompile>
    <ClCompile Include="source\ecs\systems\camerasystem\camerasystem.cpp">
      <Filter>Source Files</Filter>
    </ClCompile>
    <ClCompile Include="source\ecs\core\entitymanager.cpp">
      <Filter>Source Files</Filter>
    </ClCompile>
    <ClCompile Include="source\ecs\systems\scenegraphsystem\scenegraphsystem.cpp">
      <Filter>Source Files</Filter>
    </ClCompile>
    <ClCompile Include="source\ecs\core\componenteventhandler.cpp">
      <Filter>Source Files</Filter>
    </ClCompile>
    <ClCompile Include="source\benchmarking\benchmarkutils.cpp">
      <Filter>Source Files</Filter>
    </ClCompile>
    <ClCompile Include="source\benchmarking\benchmarksystem.cpp">
      <Filter>Source Files</Filter>
    </ClCompile>
    <ClCompile Include="source\utils\imagemanipulation.cpp">
      <Filter>Source Files</Filter>
    </ClCompile>
    <ClCompile Include="source\ecs\systems\audiosystem.cpp">
      <Filter>Source Files</Filter>
    </ClCompile>
    <ClCompile Include="source\ecs\systems\shadowmapsystem.cpp">
      <Filter>Source Files</Filter>
    </ClCompile>
    <ClCompile Include="source\benchmarking\csvfile.cpp">
      <Filter>Source Files</Filter>
    </ClCompile>
  </ItemGroup>
  <ItemGroup>
    <None Include="source\deprecated\postprocessingmultisample.fs" />
  </ItemGroup>
  <ItemGroup>
    <Image Include="images\Wood066_1K_Color.jpg">
      <Filter>Resource Files</Filter>
    </Image>
    <Image Include="images\black.png">
      <Filter>Resource Files</Filter>
    </Image>
    <Image Include="images\Bricks054_1K_Color.jpg">
      <Filter>Resource Files</Filter>
    </Image>
    <Image Include="images\Bricks054_1K_Roughness.jpg">
      <Filter>Resource Files</Filter>
    </Image>
    <Image Include="images\checkerboard8bit.png">
      <Filter>Resource Files</Filter>
    </Image>
    <Image Include="images\Fingerprints009_1K_Color.jpg">
      <Filter>Resource Files</Filter>
    </Image>
    <Image Include="images\Fingerprints009_1K_Roughness.jpg">
      <Filter>Resource Files</Filter>
    </Image>
    <Image Include="images\jellyfish.png">
      <Filter>Resource Files</Filter>
    </Image>
    <Image Include="images\cooltile.jpg">
      <Filter>Resource Files</Filter>
    </Image>
    <Image Include="images\squares.jpg">
      <Filter>Resource Files</Filter>
    </Image>
  </ItemGroup>
  <ItemGroup>
    <ClInclude Include="source\stb\stb_image.h">
      <Filter>Header Files</Filter>
    </ClInclude>
    <ClInclude Include="source\utils\primitivecreation.h">
      <Filter>Header Files</Filter>
    </ClInclude>
    <ClInclude Include="source\ecs\systems\camerasystem\editorcamera.h">
      <Filter>Header Files</Filter>
    </ClInclude>
    <ClInclude Include="source\resource_management\modelimporting.h">
      <Filter>Header Files</Filter>
    </ClInclude>
    <ClInclude Include="source\application.h">
      <Filter>Header Files</Filter>
    </ClInclude>
    <ClInclude Include="source\windowmanager.h">
      <Filter>Header Files</Filter>
    </ClInclude>
    <ClInclude Include="source\shader\shadermanager.h">
      <Filter>Header Files</Filter>
    </ClInclude>
    <ClInclude Include="source\renderer\renderer.h">
      <Filter>Header Files</Filter>
    </ClInclude>
    <ClInclude Include="source\renderer\openglrenderer.h">
      <Filter>Header Files</Filter>
    </ClInclude>
    <ClInclude Include="source\service_locator\rendererlocator.h">
      <Filter>Header Files</Filter>
    </ClInclude>
    <ClInclude Include="source\shader\shader.h">
      <Filter>Header Files</Filter>
    </ClInclude>
    <ClInclude Include="source\resource_management\resourcemanager.h">
      <Filter>Header Files</Filter>
    </ClInclude>
    <ClInclude Include="source\assets\texture.h">
      <Filter>Header Files</Filter>
    </ClInclude>
    <ClInclude Include="source\resource_management\imageloader.h">
      <Filter>Header Files</Filter>
    </ClInclude>
    <ClInclude Include="source\logger.h">
      <Filter>Header Files</Filter>
    </ClInclude>
    <ClInclude Include="source\assets\asset.h">
      <Filter>Header Files</Filter>
    </ClInclude>
    <ClInclude Include="source\input\inputmap.h">
      <Filter>Header Files</Filter>
    </ClInclude>
    <ClInclude Include="source\input\inputgather.h">
      <Filter>Header Files</Filter>
    </ClInclude>
    <ClInclude Include="source\ui\ui.h">
      <Filter>Header Files</Filter>
    </ClInclude>
    <ClInclude Include="source\input\inputevents.h">
      <Filter>Header Files</Filter>
    </ClInclude>
    <ClInclude Include="source\ui\uidatascraper.h">
      <Filter>Header Files</Filter>
    </ClInclude>
    <ClInclude Include="source\scene\lightsource.h">
      <Filter>Header Files</Filter>
    </ClInclude>
    <ClInclude Include="source\scene\directionallight.h">
      <Filter>Header Files</Filter>
    </ClInclude>
    <ClInclude Include="source\scene\pointlight.h">
      <Filter>Header Files</Filter>
    </ClInclude>
    <ClInclude Include="source\assets\submesh.h">
      <Filter>Header Files</Filter>
    </ClInclude>
    <ClInclude Include="source\assets\mesh.h">
      <Filter>Header Files</Filter>
    </ClInclude>
    <ClInclude Include="source\resource_management\importutility.h">
      <Filter>Header Files</Filter>
    </ClInclude>
    <ClInclude Include="source\assets\mesh2d.h">
      <Filter>Header Files</Filter>
    </ClInclude>
    <ClInclude Include="source\assets\vertex2d.h">
      <Filter>Header Files</Filter>
    </ClInclude>
    <ClInclude Include="source\postprocessing\postprocessing.h">
      <Filter>Header Files</Filter>
    </ClInclude>
    <ClInclude Include="source\assets\cubemap.h">
      <Filter>Header Files</Filter>
    </ClInclude>
    <ClInclude Include="source\ui\uiflags.h">
      <Filter>Header Files</Filter>
    </ClInclude>
    <ClInclude Include="source\renderer\renderingutils.h">
      <Filter>Header Files</Filter>
    </ClInclude>
    <ClInclude Include="source\service_locator\loggerlocator.h">
      <Filter>Header Files</Filter>
    </ClInclude>
    <ClInclude Include="source\resource_management\importer.h">
      <Filter>Header Files</Filter>
    </ClInclude>
    <ClInclude Include="source\assets\materials\PBRMaterial.h">
      <Filter>Header Files</Filter>
    </ClInclude>
    <ClInclude Include="source\assets\materials\material.h">
      <Filter>Header Files</Filter>
    </ClInclude>
    <ClInclude Include="source\shader\shaderuniformnames.h">
      <Filter>Header Files</Filter>
    </ClInclude>
    <ClInclude Include="source\shader\shaderuniformnamemap.h">
      <Filter>Header Files</Filter>
    </ClInclude>
    <ClInclude Include="source\assets\materials\colormaterial.h">
      <Filter>Header Files</Filter>
    </ClInclude>
    <ClInclude Include="source\ecs\core\ecstypes.h">
      <Filter>Header Files</Filter>
    </ClInclude>
    <ClInclude Include="source\ecs\core\componentarray.h">
      <Filter>Header Files</Filter>
    </ClInclude>
    <ClInclude Include="source\ecs\systems\scenegraphsystem\scenegraph.h">
      <Filter>Header Files</Filter>
    </ClInclude>
    <ClInclude Include="source\ecs\components\transform.h">
      <Filter>Header Files</Filter>
    </ClInclude>
    <ClInclude Include="source\ecs\core\componentmanager.h">
      <Filter>Header Files</Filter>
    </ClInclude>
    <ClInclude Include="source\ecs\components\model3d.h">
      <Filter>Header Files</Filter>
    </ClInclude>
    <ClInclude Include="source\ecs\systems\rendersystem.h">
      <Filter>Header Files</Filter>
    </ClInclude>
    <ClInclude Include="source\ecs\systems\physicssystem.h">
      <Filter>Header Files</Filter>
    </ClInclude>
    <ClInclude Include="source\ecs\systems\controlsystem.h">
      <Filter>Header Files</Filter>
    </ClInclude>
    <ClInclude Include="source\ecs\components\camera.h">
      <Filter>Header Files</Filter>
    </ClInclude>
    <ClInclude Include="source\ecs\components\controller.h">
      <Filter>Header Files</Filter>
    </ClInclude>
    <ClInclude Include="source\ecs\systems\lightsystem.h">
      <Filter>Header Files</Filter>
    </ClInclude>
    <ClInclude Include="source\ecs\components\light.h">
      <Filter>Header Files</Filter>
    </ClInclude>
    <ClInclude Include="source\ecs\core\ecscoordinator.h">
      <Filter>Header Files</Filter>
    </ClInclude>
    <ClInclude Include="source\ecs\core\systemmanager.h">
      <Filter>Header Files</Filter>
    </ClInclude>
    <ClInclude Include="source\ecs\core\system.h">
      <Filter>Header Files</Filter>
    </ClInclude>
    <ClInclude Include="source\ecs\systems\camerasystem\camerasystem.h">
      <Filter>Header Files</Filter>
    </ClInclude>
    <ClInclude Include="source\ecs\core\entitymanager.h">
      <Filter>Header Files</Filter>
    </ClInclude>
    <ClInclude Include="source\ecs\systems\scenegraphsystem\scenegraphsystem.h">
      <Filter>Header Files</Filter>
    </ClInclude>
    <ClInclude Include="source\ecs\core\internalevents.h">
      <Filter>Header Files</Filter>
    </ClInclude>
    <ClInclude Include="source\ecs\components\rigidbody.h">
      <Filter>Header Files</Filter>
    </ClInclude>
    <ClInclude Include="source\ecs\core\componenteventhandler.h">
      <Filter>Header Files</Filter>
    </ClInclude>
    <ClInclude Include="source\benchmarking\benchmarkutils.h">
      <Filter>Header Files</Filter>
    </ClInclude>
    <ClInclude Include="source\benchmarking\acomponent.h">
      <Filter>Header Files</Filter>
    </ClInclude>
    <ClInclude Include="source\benchmarking\bcomponent.h">
      <Filter>Header Files</Filter>
    </ClInclude>
    <ClInclude Include="source\benchmarking\benchmarksystem.h">
      <Filter>Header Files</Filter>
    </ClInclude>
    <ClInclude Include="source\utils\imagemanipulation.h">
      <Filter>Header Files</Filter>
    </ClInclude>
    <ClInclude Include="source\ecs\systems\audiosystem.h">
      <Filter>Header Files</Filter>
    </ClInclude>
    <ClInclude Include="source\assets\sound.h">
      <Filter>Header Files</Filter>
    </ClInclude>
    <ClInclude Include="source\rbtouchfuncs.h">
      <Filter>Header Files</Filter>
    </ClInclude>
    <ClInclude Include="source\ecs\systems\collisioncallback.h">
      <Filter>Header Files</Filter>
    </ClInclude>
    <ClInclude Include="source\ecs\systems\shadowmapsystem.h">
      <Filter>Header Files</Filter>
    </ClInclude>
    <ClInclude Include="source\benchmarking\csvfile.h">
      <Filter>Header Files</Filter>
    </ClInclude>
  </ItemGroup>
</Project>