<?xml version="1.0" encoding="utf-8"?>
<Project ToolsVersion="4.0" xmlns="http://schemas.microsoft.com/developer/msbuild/2003">
  <ItemGroup>
    <Filter Include="Source Files">
      <UniqueIdentifier>{4FC737F1-C7A5-4376-A066-2A32D752A2FF}</UniqueIdentifier>
      <Extensions>cpp;c;cc;cxx;c++;cppm;ixx;def;odl;idl;hpj;bat;asm;asmx</Extensions>
    </Filter>
    <Filter Include="Header Files">
      <UniqueIdentifier>{93995380-89BD-4b04-88EB-625FBE52EBFB}</UniqueIdentifier>
      <Extensions>h;hh;hpp;hxx;h++;hm;inl;inc;ipp;xsd</Extensions>
    </Filter>
    <Filter Include="Resource Files">
      <UniqueIdentifier>{67DA6AB6-F800-4c08-8B7A-83BB121AAD01}</UniqueIdentifier>
      <Extensions>rc;ico;cur;bmp;dlg;rc2;rct;bin;rgs;gif;jpg;jpeg;jpe;resx;tiff;tif;png;wav;mfcribbon-ms</Extensions>
    </Filter>
  </ItemGroup>
  <ItemGroup>
    <ClCompile Include="source\primitivecreation.cpp">
      <Filter>Source Files</Filter>
    </ClCompile>
    <ClCompile Include="source\scene\camera.cpp">
      <Filter>Source Files</Filter>
    </ClCompile>
    <ClCompile Include="source\resource_management\modelimporting.cpp">
      <Filter>Source Files</Filter>
    </ClCompile>
    <ClCompile Include="source\application.cpp">
      <Filter>Source Files</Filter>
    </ClCompile>
    <ClCompile Include="source\main.cpp">
      <Filter>Source Files</Filter>
    </ClCompile>
    <ClCompile Include="source\windowmanager.cpp">
      <Filter>Source Files</Filter>
    </ClCompile>
    <ClCompile Include="source\resource_management\shadermanager.cpp">
      <Filter>Source Files</Filter>
    </ClCompile>
    <ClCompile Include="source\renderer\renderer.cpp">
      <Filter>Source Files</Filter>
    </ClCompile>
    <ClCompile Include="source\renderer\openglrenderer.cpp">
      <Filter>Source Files</Filter>
    </ClCompile>
    <ClCompile Include="source\service_locator\locator.cpp">
      <Filter>Source Files</Filter>
    </ClCompile>
    <ClCompile Include="source\scene\scene.cpp">
      <Filter>Source Files</Filter>
    </ClCompile>
    <ClCompile Include="source\shader.cpp">
      <Filter>Source Files</Filter>
    </ClCompile>
    <ClCompile Include="source\resource_management\resourcemanager.cpp">
      <Filter>Source Files</Filter>
    </ClCompile>
    <ClCompile Include="source\assets\texture.cpp">
      <Filter>Source Files</Filter>
    </ClCompile>
    <ClCompile Include="source\resource_management\imageloader.cpp">
      <Filter>Source Files</Filter>
    </ClCompile>
    <ClCompile Include="source\logger.cpp">
      <Filter>Source Files</Filter>
    </ClCompile>
    <ClCompile Include="source\assets\asset.cpp">
      <Filter>Source Files</Filter>
    </ClCompile>
    <ClCompile Include="source\assets\material.cpp">
      <Filter>Source Files</Filter>
    </ClCompile>
    <ClCompile Include="source\scene\scenenode.cpp">
      <Filter>Source Files</Filter>
    </ClCompile>
    <ClCompile Include="source\input\inputmap.cpp">
      <Filter>Source Files</Filter>
    </ClCompile>
    <ClCompile Include="source\input\inputgather.cpp">
      <Filter>Source Files</Filter>
    </ClCompile>
    <ClCompile Include="source\ui\ui.cpp">
      <Filter>Source Files</Filter>
    </ClCompile>
    <ClCompile Include="source\ui\imgui_impl_opengl3.cpp">
      <Filter>Source Files</Filter>
    </ClCompile>
    <ClCompile Include="source\ui\imgui.cpp">
      <Filter>Source Files</Filter>
    </ClCompile>
    <ClCompile Include="source\ui\imgui_impl_glfw.cpp">
      <Filter>Source Files</Filter>
    </ClCompile>
    <ClCompile Include="source\ui\imgui_widgets.cpp">
      <Filter>Source Files</Filter>
    </ClCompile>
    <ClCompile Include="source\ui\imgui_tables.cpp">
      <Filter>Source Files</Filter>
    </ClCompile>
    <ClCompile Include="source\ui\imgui_draw.cpp">
      <Filter>Source Files</Filter>
    </ClCompile>
    <ClCompile Include="source\ui\imgui_demo.cpp">
      <Filter>Source Files</Filter>
    </ClCompile>
    <ClCompile Include="source\ui\uidatascraper.cpp">
      <Filter>Source Files</Filter>
    </ClCompile>
    <ClCompile Include="source\scene\lightsource.cpp">
      <Filter>Source Files</Filter>
    </ClCompile>
    <ClCompile Include="source\scene\directionallight.cpp">
      <Filter>Source Files</Filter>
    </ClCompile>
    <ClCompile Include="source\scene\pointlight.cpp">
      <Filter>Source Files</Filter>
    </ClCompile>
    <ClCompile Include="source\assets\submesh.cpp">
      <Filter>Source Files</Filter>
    </ClCompile>
    <ClCompile Include="source\assets\mesh.cpp">
      <Filter>Source Files</Filter>
    </ClCompile>
    <ClCompile Include="source\resource_management\importutility.cpp">
      <Filter>Source Files</Filter>
    </ClCompile>
    <ClCompile Include="source\assets\mesh2d.cpp">
      <Filter>Source Files</Filter>
    </ClCompile>
    <ClCompile Include="postprocessing.cpp">
      <Filter>Source Files</Filter>
    </ClCompile>
  </ItemGroup>
  <ItemGroup>
    <None Include="shaders\phongtex.fs" />
    <None Include="shaders\object.vs" />
    <None Include="shaders\coloronly.fs" />
    <None Include="shaders\depth.fs" />
    <None Include="shaders\2d.vs" />
    <None Include="shaders\postprocessing.fs" />
  </ItemGroup>
  <ItemGroup>
    <Image Include="images\Wood066_1K_Color.jpg">
      <Filter>Resource Files</Filter>
    </Image>
    <Image Include="images\black.png">
      <Filter>Resource Files</Filter>
    </Image>
    <Image Include="images\Bricks054_1K_Color.jpg">
      <Filter>Resource Files</Filter>
    </Image>
    <Image Include="images\Bricks054_1K_Roughness.jpg">
      <Filter>Resource Files</Filter>
    </Image>
    <Image Include="images\checkerboard8bit.png">
      <Filter>Resource Files</Filter>
    </Image>
    <Image Include="images\Fingerprints009_1K_Color.jpg">
      <Filter>Resource Files</Filter>
    </Image>
    <Image Include="images\Fingerprints009_1K_Roughness.jpg">
      <Filter>Resource Files</Filter>
    </Image>
    <Image Include="images\jellyfish.png">
      <Filter>Resource Files</Filter>
    </Image>
    <Image Include="images\cooltile.jpg">
      <Filter>Resource Files</Filter>
    </Image>
    <Image Include="images\squares.jpg">
      <Filter>Resource Files</Filter>
    </Image>
  </ItemGroup>
  <ItemGroup>
    <ClInclude Include="source\stb\stb_image.h">
      <Filter>Header Files</Filter>
    </ClInclude>
    <ClInclude Include="source\assets\material.h">
      <Filter>Header Files</Filter>
    </ClInclude>
    <ClInclude Include="source\primitivecreation.h">
      <Filter>Header Files</Filter>
    </ClInclude>
    <ClInclude Include="source\scene\camera.h">
      <Filter>Header Files</Filter>
    </ClInclude>
    <ClInclude Include="source\resource_management\modelimporting.h">
      <Filter>Header Files</Filter>
    </ClInclude>
    <ClInclude Include="source\application.h">
      <Filter>Header Files</Filter>
    </ClInclude>
    <ClInclude Include="source\windowmanager.h">
      <Filter>Header Files</Filter>
    </ClInclude>
    <ClInclude Include="source\resource_management\shadermanager.h">
      <Filter>Header Files</Filter>
    </ClInclude>
    <ClInclude Include="source\renderer\renderer.h">
      <Filter>Header Files</Filter>
    </ClInclude>
    <ClInclude Include="source\renderer\openglrenderer.h">
      <Filter>Header Files</Filter>
    </ClInclude>
    <ClInclude Include="source\service_locator\locator.h">
      <Filter>Header Files</Filter>
    </ClInclude>
    <ClInclude Include="source\scene\scene.h">
      <Filter>Header Files</Filter>
    </ClInclude>
    <ClInclude Include="source\shader.h">
      <Filter>Header Files</Filter>
    </ClInclude>
    <ClInclude Include="source\resource_management\resourcemanager.h">
      <Filter>Header Files</Filter>
    </ClInclude>
    <ClInclude Include="source\assets\texture.h">
      <Filter>Header Files</Filter>
    </ClInclude>
    <ClInclude Include="source\resource_management\imageloader.h">
      <Filter>Header Files</Filter>
    </ClInclude>
    <ClInclude Include="source\logger.h">
      <Filter>Header Files</Filter>
    </ClInclude>
    <ClInclude Include="source\assets\asset.h">
      <Filter>Header Files</Filter>
    </ClInclude>
    <ClInclude Include="source\scene\scenenode.h">
      <Filter>Header Files</Filter>
    </ClInclude>
    <ClInclude Include="source\input\inputmap.h">
      <Filter>Header Files</Filter>
    </ClInclude>
    <ClInclude Include="source\input\inputgather.h">
      <Filter>Header Files</Filter>
    </ClInclude>
    <ClInclude Include="source\ui\ui.h">
      <Filter>Header Files</Filter>
    </ClInclude>
    <ClInclude Include="source\input\inputevents.h">
      <Filter>Header Files</Filter>
    </ClInclude>
    <ClInclude Include="source\ui\uidatascraper.h">
      <Filter>Header Files</Filter>
    </ClInclude>
    <ClInclude Include="source\scene\lightsource.h">
      <Filter>Header Files</Filter>
    </ClInclude>
    <ClInclude Include="source\scene\directionallight.h">
      <Filter>Header Files</Filter>
    </ClInclude>
    <ClInclude Include="source\scene\pointlight.h">
      <Filter>Header Files</Filter>
    </ClInclude>
    <ClInclude Include="source\assets\submesh.h">
      <Filter>Header Files</Filter>
    </ClInclude>
    <ClInclude Include="source\assets\mesh.h">
      <Filter>Header Files</Filter>
    </ClInclude>
    <ClInclude Include="source\resource_management\importutility.h">
      <Filter>Header Files</Filter>
    </ClInclude>
    <ClInclude Include="source\assets\mesh2d.h">
      <Filter>Header Files</Filter>
    </ClInclude>
    <ClInclude Include="source\assets\vertex2d.h">
      <Filter>Header Files</Filter>
    </ClInclude>
    <ClInclude Include="postprocessing.h">
      <Filter>Header Files</Filter>
    </ClInclude>
  </ItemGroup>
</Project>